
Microsoft Visual Studio Solution File, Format Version 12.00
# Visual Studio 2013
VisualStudioVersion = 12.0.31101.0
MinimumVisualStudioVersion = 10.0.40219.1
Project("{FAE04EC0-301F-11D3-BF4B-00C04F79EFBC}") = "List.Main", "List.Main\List.Main.csproj", "{DCF10050-3CC7-44E6-B6F7-FD84C66D0F85}"
EndProject
Project("{FAE04EC0-301F-11D3-BF4B-00C04F79EFBC}") = "List.Tests", "List.Tests\List.Tests.csproj", "{66323513-320B-4B89-BF63-5BC6801BF58D}"
EndProject
Global
	GlobalSection(SolutionConfigurationPlatforms) = preSolution
		Debug|Any CPU = Debug|Any CPU
		Release|Any CPU = Release|Any CPU
	EndGlobalSection
	GlobalSection(ProjectConfigurationPlatforms) = postSolution
		{DCF10050-3CC7-44E6-B6F7-FD84C66D0F85}.Debug|Any CPU.ActiveCfg = Debug|Any CPU
		{DCF10050-3CC7-44E6-B6F7-FD84C66D0F85}.Debug|Any CPU.Build.0 = Debug|Any CPU
		{DCF10050-3CC7-44E6-B6F7-FD84C66D0F85}.Release|Any CPU.ActiveCfg = Release|Any CPU
		{DCF10050-3CC7-44E6-B6F7-FD84C66D0F85}.Release|Any CPU.Build.0 = Release|Any CPU
		{66323513-320B-4B89-BF63-5BC6801BF58D}.Debug|Any CPU.ActiveCfg = Debug|Any CPU
		{66323513-320B-4B89-BF63-5BC6801BF58D}.Debug|Any CPU.Build.0 = Debug|Any CPU
		{66323513-320B-4B89-BF63-5BC6801BF58D}.Release|Any CPU.ActiveCfg = Release|Any CPU
		{66323513-320B-4B89-BF63-5BC6801BF58D}.Release|Any CPU.Build.0 = Release|Any CPU
	EndGlobalSection
	GlobalSection(SolutionProperties) = preSolution
		HideSolutionNode = FALSE
	EndGlobalSection
EndGlobal
